
Microsoft Visual Studio Solution File, Format Version 12.00
# Visual Studio Version 17
VisualStudioVersion = 17.1.32414.318
MinimumVisualStudioVersion = 10.0.40219.1
Project("{9A19103F-16F7-4668-BE54-9A1E7A4F7556}") = "ConsoleApp", "ConsoleApp\ConsoleApp.csproj", "{25F323F9-1A58-46C7-9F29-F093278C29D6}"
EndProject
Project("{FAE04EC0-301F-11D3-BF4B-00C04F79EFBC}") = "ConsoleApp.Test", "ConsoleApp.Test\ConsoleApp.Test.csproj", "{290CD630-C270-4422-A3EC-941F2083F233}"
EndProject
Global
	GlobalSection(SolutionConfigurationPlatforms) = preSolution
		Debug|Any CPU = Debug|Any CPU
		Release|Any CPU = Release|Any CPU
	EndGlobalSection
	GlobalSection(ProjectConfigurationPlatforms) = postSolution
		{25F323F9-1A58-46C7-9F29-F093278C29D6}.Debug|Any CPU.ActiveCfg = Debug|Any CPU
		{25F323F9-1A58-46C7-9F29-F093278C29D6}.Debug|Any CPU.Build.0 = Debug|Any CPU
		{25F323F9-1A58-46C7-9F29-F093278C29D6}.Release|Any CPU.ActiveCfg = Release|Any CPU
		{25F323F9-1A58-46C7-9F29-F093278C29D6}.Release|Any CPU.Build.0 = Release|Any CPU
		{290CD630-C270-4422-A3EC-941F2083F233}.Debug|Any CPU.ActiveCfg = Debug|Any CPU
		{290CD630-C270-4422-A3EC-941F2083F233}.Debug|Any CPU.Build.0 = Debug|Any CPU
		{290CD630-C270-4422-A3EC-941F2083F233}.Release|Any CPU.ActiveCfg = Release|Any CPU
		{290CD630-C270-4422-A3EC-941F2083F233}.Release|Any CPU.Build.0 = Release|Any CPU
	EndGlobalSection
	GlobalSection(SolutionProperties) = preSolution
		HideSolutionNode = FALSE
	EndGlobalSection
	GlobalSection(ExtensibilityGlobals) = postSolution
		SolutionGuid = {D5470DD6-6D48-4A4B-8112-9843D04D6325}
	EndGlobalSection
EndGlobal
